
Microsoft Visual Studio Solution File, Format Version 12.00
# Visual Studio Version 17
VisualStudioVersion = 17.11.35219.272
MinimumVisualStudioVersion = 10.0.40219.1
Project("{FAE04EC0-301F-11D3-BF4B-00C04F79EFBC}") = "Cash Register", "Cash Register.csproj", "{A22FC9C5-6E72-4711-80A9-A4965F3F3510}"
EndProject
Global
	GlobalSection(SolutionConfigurationPlatforms) = preSolution
		Debug|Any CPU = Debug|Any CPU
		Release|Any CPU = Release|Any CPU
	EndGlobalSection
	GlobalSection(ProjectConfigurationPlatforms) = postSolution
		{A22FC9C5-6E72-4711-80A9-A4965F3F3510}.Debug|Any CPU.ActiveCfg = Debug|Any CPU
		{A22FC9C5-6E72-4711-80A9-A4965F3F3510}.Debug|Any CPU.Build.0 = Debug|Any CPU
		{A22FC9C5-6E72-4711-80A9-A4965F3F3510}.Release|Any CPU.ActiveCfg = Release|Any CPU
		{A22FC9C5-6E72-4711-80A9-A4965F3F3510}.Release|Any CPU.Build.0 = Release|Any CPU
	EndGlobalSection
	GlobalSection(SolutionProperties) = preSolution
		HideSolutionNode = FALSE
	EndGlobalSection
	GlobalSection(ExtensibilityGlobals) = postSolution
		SolutionGuid = {854DE683-446D-46B1-9AFA-751AF71586A9}
	EndGlobalSection
EndGlobal
